github.com/ekzhu/counter v0.0.0-20170810072917-1da58f92bf06 h1:yzw6ZUX+qLoMdOP76YWTHpmcajZeddoIUMxxOhMKNwo=
github.com/ekzhu/counter v0.0.0-20170810072917-1da58f92bf06/go.mod h1:tmFCvk1+pNzbOQrguDXx8NRb/qGKAVCeOGTDtrGPUZY=
github.com/orcaman/concurrent-map v1.0.0 h1:I/2A2XPCb4IuQWcQhBhSwGfiuybl/J0ev9HDbW65HOY=
github.com/orcaman/concurrent-map v1.0.0/go.mod h1:Lu3tH6HLW3feq74c2GC+jIMS/K2CFcDWnWD9XkenwhI=
